{
  "version": 4,
  "terraform_version": "1.3.7",
  "serial": 20,
  "lineage": "be63059d-1b60-778c-a851-01895228a402",
  "outputs": {
    "account_id": {
      "value": "660032875792",
      "type": "string"
    }
  },
  "resources": [
    {
      "mode": "data",
      "type": "aws_caller_identity",
      "name": "current",
      "provider": "provider[\"registry.terraform.io/hashicorp/aws\"]",
      "instances": [
        {
          "schema_version": 0,
          "attributes": {
            "account_id": "660032875792",
            "arn": "arn:aws:iam::660032875792:user/rrosso",
            "id": "660032875792",
            "user_id": "AIDAJ2RKDVRYKZ2PPJG2G"
          },
          "sensitive_attributes": []
        }
      ]
    },
    {
      "mode": "data",
      "type": "aws_iam_policy_document",
      "name": "spa",
      "provider": "provider[\"registry.terraform.io/hashicorp/aws\"].iqonda",
      "instances": [
        {
          "schema_version": 0,
          "attributes": {
            "id": "1335900313",
            "json": "{\n  \"Version\": \"2012-10-17\",\n  \"Statement\": [\n    {\n      \"Effect\": \"Allow\",\n      \"Action\": \"s3:GetObject\",\n      \"Resource\": \"arn:aws:s3:::poc-spa-app/*\",\n      \"Principal\": {\n        \"AWS\": \"arn:aws:iam::cloudfront:user/CloudFront Origin Access Identity E2X7G2T8OZHZQG\"\n      }\n    },\n    {\n      \"Effect\": \"Allow\",\n      \"Action\": \"s3:ListBucket\",\n      \"Resource\": \"arn:aws:s3:::poc-spa-app\",\n      \"Principal\": {\n        \"AWS\": \"arn:aws:iam::cloudfront:user/CloudFront Origin Access Identity E2X7G2T8OZHZQG\"\n      }\n    }\n  ]\n}",
            "override_policy_documents": null,
            "policy_id": null,
            "source_policy_documents": null,
            "statement": [
              {
                "actions": [
                  "s3:GetObject"
                ],
                "condition": [],
                "effect": "Allow",
                "not_actions": [],
                "not_principals": [],
                "not_resources": [],
                "principals": [
                  {
                    "identifiers": [
                      "arn:aws:iam::cloudfront:user/CloudFront Origin Access Identity E2X7G2T8OZHZQG"
                    ],
                    "type": "AWS"
                  }
                ],
                "resources": [
                  "arn:aws:s3:::poc-spa-app/*"
                ],
                "sid": ""
              },
              {
                "actions": [
                  "s3:ListBucket"
                ],
                "condition": [],
                "effect": "Allow",
                "not_actions": [],
                "not_principals": [],
                "not_resources": [],
                "principals": [
                  {
                    "identifiers": [
                      "arn:aws:iam::cloudfront:user/CloudFront Origin Access Identity E2X7G2T8OZHZQG"
                    ],
                    "type": "AWS"
                  }
                ],
                "resources": [
                  "arn:aws:s3:::poc-spa-app"
                ],
                "sid": ""
              }
            ],
            "version": "2012-10-17"
          },
          "sensitive_attributes": []
        }
      ]
    },
    {
      "mode": "managed",
      "type": "aws_acm_certificate",
      "name": "spa",
      "provider": "provider[\"registry.terraform.io/hashicorp/aws\"].iqonda",
      "instances": [
        {
          "schema_version": 0,
          "attributes": {
            "arn": "arn:aws:acm:us-east-1:660032875792:certificate/ca5b0f3f-adb0-4c86-83fd-3444b1cc8bf3",
            "certificate_authority_arn": "",
            "certificate_body": null,
            "certificate_chain": null,
            "domain_name": "spa-app.ls-al.com",
            "domain_validation_options": [
              {
                "domain_name": "*.spa-app.ls-al.com",
                "resource_record_name": "_55532f7a70a543101efad9443e7c5267.spa-app.ls-al.com.",
                "resource_record_type": "CNAME",
                "resource_record_value": "_72d6edd6d032ac1bd342bebcdd4117d5.mhbtsbpdnt.acm-validations.aws."
              },
              {
                "domain_name": "spa-app.ls-al.com",
                "resource_record_name": "_55532f7a70a543101efad9443e7c5267.spa-app.ls-al.com.",
                "resource_record_type": "CNAME",
                "resource_record_value": "_72d6edd6d032ac1bd342bebcdd4117d5.mhbtsbpdnt.acm-validations.aws."
              }
            ],
            "early_renewal_duration": "",
            "id": "arn:aws:acm:us-east-1:660032875792:certificate/ca5b0f3f-adb0-4c86-83fd-3444b1cc8bf3",
            "key_algorithm": "RSA_2048",
            "not_after": "2025-01-21T23:59:59Z",
            "not_before": "2023-12-24T00:00:00Z",
            "options": [
              {
                "certificate_transparency_logging_preference": "ENABLED"
              }
            ],
            "pending_renewal": false,
            "private_key": null,
            "renewal_eligibility": "ELIGIBLE",
            "renewal_summary": [],
            "status": "ISSUED",
            "subject_alternative_names": [
              "*.spa-app.ls-al.com",
              "spa-app.ls-al.com"
            ],
            "tags": {},
            "tags_all": {
              "Owner": "rr",
              "Project": "aws-spa-app",
              "environment": "POC"
            },
            "type": "AMAZON_ISSUED",
            "validation_emails": [],
            "validation_method": "DNS",
            "validation_option": []
          },
          "sensitive_attributes": [],
          "private": "bnVsbA==",
          "dependencies": [
            "aws_route53_zone.spa"
          ],
          "create_before_destroy": true
        }
      ]
    },
    {
      "mode": "managed",
      "type": "aws_acm_certificate_validation",
      "name": "spa",
      "provider": "provider[\"registry.terraform.io/hashicorp/aws\"].iqonda",
      "instances": [
        {
          "schema_version": 0,
          "attributes": {
            "certificate_arn": "arn:aws:acm:us-east-1:660032875792:certificate/ca5b0f3f-adb0-4c86-83fd-3444b1cc8bf3",
            "id": "0001-01-01 00:00:00 +0000 UTC",
            "timeouts": null,
            "validation_record_fqdns": [
              "_55532f7a70a543101efad9443e7c5267.spa-app.ls-al.com"
            ]
          },
          "sensitive_attributes": [],
          "private": "eyJlMmJmYjczMC1lY2FhLTExZTYtOGY4OC0zNDM2M2JjN2M0YzAiOnsiY3JlYXRlIjo0NTAwMDAwMDAwMDAwfX0=",
          "dependencies": [
            "aws_acm_certificate.spa",
            "aws_route53_record.spa-certificate",
            "aws_route53_zone.spa"
          ],
          "create_before_destroy": true
        }
      ]
    },
    {
      "mode": "managed",
      "type": "aws_cloudfront_cache_policy",
      "name": "spa",
      "provider": "provider[\"registry.terraform.io/hashicorp/aws\"].iqonda",
      "instances": [
        {
          "schema_version": 0,
          "attributes": {
            "comment": "",
            "default_ttl": 3600,
            "etag": "ETVPDKIKX0DER",
            "id": "c69be511-e1c6-44dc-87ba-a39f7ee21110",
            "max_ttl": 86400,
            "min_ttl": 300,
            "name": "spa-policy",
            "parameters_in_cache_key_and_forwarded_to_origin": [
              {
                "cookies_config": [
                  {
                    "cookie_behavior": "none",
                    "cookies": []
                  }
                ],
                "enable_accept_encoding_brotli": false,
                "enable_accept_encoding_gzip": false,
                "headers_config": [
                  {
                    "header_behavior": "none",
                    "headers": []
                  }
                ],
                "query_strings_config": [
                  {
                    "query_string_behavior": "none",
                    "query_strings": []
                  }
                ]
              }
            ]
          },
          "sensitive_attributes": [],
          "private": "bnVsbA=="
        }
      ]
    },
    {
      "mode": "managed",
      "type": "aws_cloudfront_cache_policy",
      "name": "spa-with-cors",
      "provider": "provider[\"registry.terraform.io/hashicorp/aws\"].iqonda",
      "instances": [
        {
          "schema_version": 0,
          "attributes": {
            "comment": "",
            "default_ttl": 3600,
            "etag": "E23ZP02F085DFQ",
            "id": "25fa027e-38db-4d29-a34e-7a13c814c91c",
            "max_ttl": 86400,
            "min_ttl": 300,
            "name": "spa-cors-policy",
            "parameters_in_cache_key_and_forwarded_to_origin": [
              {
                "cookies_config": [
                  {
                    "cookie_behavior": "none",
                    "cookies": []
                  }
                ],
                "enable_accept_encoding_brotli": false,
                "enable_accept_encoding_gzip": false,
                "headers_config": [
                  {
                    "header_behavior": "whitelist",
                    "headers": [
                      {
                        "items": [
                          "access-control-request-headers",
                          "access-control-request-method",
                          "origin"
                        ]
                      }
                    ]
                  }
                ],
                "query_strings_config": [
                  {
                    "query_string_behavior": "none",
                    "query_strings": []
                  }
                ]
              }
            ]
          },
          "sensitive_attributes": [],
          "private": "bnVsbA=="
        }
      ]
    },
    {
      "mode": "managed",
      "type": "aws_cloudfront_distribution",
      "name": "spa",
      "provider": "provider[\"registry.terraform.io/hashicorp/aws\"].iqonda",
      "instances": [
        {
          "schema_version": 1,
          "attributes": {
            "aliases": [
              "spa-app.ls-al.com"
            ],
            "arn": "arn:aws:cloudfront::660032875792:distribution/EQCPI2QYJB8YC",
            "caller_reference": "terraform-20231224152655216500000004",
            "comment": "spa-app.ls-al.com distribution",
            "continuous_deployment_policy_id": "",
            "custom_error_response": [
              {
                "error_caching_min_ttl": 0,
                "error_code": 403,
                "response_code": 200,
                "response_page_path": "/index.html"
              },
              {
                "error_caching_min_ttl": 0,
                "error_code": 404,
                "response_code": 200,
                "response_page_path": "/index.html"
              }
            ],
            "default_cache_behavior": [
              {
                "allowed_methods": [
                  "GET",
                  "HEAD",
                  "OPTIONS"
                ],
                "cache_policy_id": "c69be511-e1c6-44dc-87ba-a39f7ee21110",
                "cached_methods": [
                  "GET",
                  "HEAD"
                ],
                "compress": true,
                "default_ttl": 0,
                "field_level_encryption_id": "",
                "forwarded_values": [],
                "function_association": [],
                "lambda_function_association": [],
                "max_ttl": 0,
                "min_ttl": 0,
                "origin_request_policy_id": "",
                "realtime_log_config_arn": "",
                "response_headers_policy_id": "",
                "smooth_streaming": false,
                "target_origin_id": "main",
                "trusted_key_groups": [],
                "trusted_signers": [],
                "viewer_protocol_policy": "redirect-to-https"
              }
            ],
            "default_root_object": "index.html",
            "domain_name": "d1jw6987nj7pc0.cloudfront.net",
            "enabled": true,
            "etag": "E2U6P02KSV0JMC",
            "hosted_zone_id": "Z2FDTNDATAQYW2",
            "http_version": "http2",
            "id": "EQCPI2QYJB8YC",
            "in_progress_validation_batches": 0,
            "is_ipv6_enabled": true,
            "last_modified_time": "2023-12-24 15:26:55.53 +0000 UTC",
            "logging_config": [],
            "ordered_cache_behavior": [],
            "origin": [
              {
                "connection_attempts": 3,
                "connection_timeout": 10,
                "custom_header": [],
                "custom_origin_config": [],
                "domain_name": "poc-spa-app.s3.amazonaws.com",
                "origin_access_control_id": "",
                "origin_id": "main",
                "origin_path": "",
                "origin_shield": [],
                "s3_origin_config": [
                  {
                    "origin_access_identity": "origin-access-identity/cloudfront/E2X7G2T8OZHZQG"
                  }
                ]
              }
            ],
            "origin_group": [],
            "price_class": "PriceClass_All",
            "restrictions": [
              {
                "geo_restriction": [
                  {
                    "locations": [],
                    "restriction_type": "none"
                  }
                ]
              }
            ],
            "retain_on_delete": false,
            "staging": false,
            "status": "Deployed",
            "tags": {},
            "tags_all": {
              "Owner": "rr",
              "Project": "aws-spa-app",
              "environment": "POC"
            },
            "trusted_key_groups": [
              {
                "enabled": false,
                "items": []
              }
            ],
            "trusted_signers": [
              {
                "enabled": false,
                "items": []
              }
            ],
            "viewer_certificate": [
              {
                "acm_certificate_arn": "arn:aws:acm:us-east-1:660032875792:certificate/ca5b0f3f-adb0-4c86-83fd-3444b1cc8bf3",
                "cloudfront_default_certificate": false,
                "iam_certificate_id": "",
                "minimum_protocol_version": "TLSv1",
                "ssl_support_method": "sni-only"
              }
            ],
            "wait_for_deployment": true,
            "web_acl_id": ""
          },
          "sensitive_attributes": [],
          "private": "eyJzY2hlbWFfdmVyc2lvbiI6IjEifQ==",
          "dependencies": [
            "aws_acm_certificate.spa",
            "aws_acm_certificate_validation.spa",
            "aws_cloudfront_cache_policy.spa",
            "aws_cloudfront_origin_access_identity.spa",
            "aws_route53_record.spa-certificate",
            "aws_route53_zone.spa",
            "aws_s3_bucket.spa"
          ]
        }
      ]
    },
    {
      "mode": "managed",
      "type": "aws_cloudfront_origin_access_identity",
      "name": "spa",
      "provider": "provider[\"registry.terraform.io/hashicorp/aws\"].iqonda",
      "instances": [
        {
          "schema_version": 0,
          "attributes": {
            "caller_reference": "terraform-20231224151533467400000001",
            "cloudfront_access_identity_path": "origin-access-identity/cloudfront/E2X7G2T8OZHZQG",
            "comment": "poc spa identity",
            "etag": "E1BJ0NOAFF29VU",
            "iam_arn": "arn:aws:iam::cloudfront:user/CloudFront Origin Access Identity E2X7G2T8OZHZQG",
            "id": "E2X7G2T8OZHZQG",
            "s3_canonical_user_id": "f5b37ee99ddaa78278a22f86775bead2db388d083077a65f1d287183dff0d880d005b49da1807d72a4a52d61808be4f6"
          },
          "sensitive_attributes": [],
          "private": "bnVsbA=="
        }
      ]
    },
    {
      "mode": "managed",
      "type": "aws_route53_record",
      "name": "spa",
      "provider": "provider[\"registry.terraform.io/hashicorp/aws\"].iqonda",
      "instances": [
        {
          "schema_version": 2,
          "attributes": {
            "alias": [
              {
                "evaluate_target_health": false,
                "name": "d1jw6987nj7pc0.cloudfront.net",
                "zone_id": "Z2FDTNDATAQYW2"
              }
            ],
            "allow_overwrite": null,
            "cidr_routing_policy": [],
            "failover_routing_policy": [],
            "fqdn": "spa-app.ls-al.com",
            "geolocation_routing_policy": [],
            "health_check_id": "",
            "id": "Z08387472ACI9OYLRW9TF_spa-app.ls-al.com_A",
            "latency_routing_policy": [],
            "multivalue_answer_routing_policy": false,
            "name": "spa-app.ls-al.com",
            "records": [],
            "set_identifier": "",
            "ttl": 0,
            "type": "A",
            "weighted_routing_policy": [],
            "zone_id": "Z08387472ACI9OYLRW9TF"
          },
          "sensitive_attributes": [],
          "private": "eyJzY2hlbWFfdmVyc2lvbiI6IjIifQ==",
          "dependencies": [
            "aws_acm_certificate.spa",
            "aws_acm_certificate_validation.spa",
            "aws_cloudfront_cache_policy.spa",
            "aws_cloudfront_distribution.spa",
            "aws_cloudfront_origin_access_identity.spa",
            "aws_route53_record.spa-certificate",
            "aws_route53_zone.spa",
            "aws_s3_bucket.spa"
          ]
        }
      ]
    },
    {
      "mode": "managed",
      "type": "aws_route53_record",
      "name": "spa-certificate",
      "provider": "provider[\"registry.terraform.io/hashicorp/aws\"].iqonda",
      "instances": [
        {
          "index_key": "*.spa-app.ls-al.com",
          "schema_version": 2,
          "attributes": {
            "alias": [],
            "allow_overwrite": true,
            "cidr_routing_policy": [],
            "failover_routing_policy": [],
            "fqdn": "_55532f7a70a543101efad9443e7c5267.spa-app.ls-al.com",
            "geolocation_routing_policy": [],
            "health_check_id": "",
            "id": "Z08387472ACI9OYLRW9TF__55532f7a70a543101efad9443e7c5267.spa-app.ls-al.com_CNAME",
            "latency_routing_policy": [],
            "multivalue_answer_routing_policy": false,
            "name": "_55532f7a70a543101efad9443e7c5267.spa-app.ls-al.com",
            "records": [
              "_72d6edd6d032ac1bd342bebcdd4117d5.mhbtsbpdnt.acm-validations.aws."
            ],
            "set_identifier": "",
            "ttl": 600,
            "type": "CNAME",
            "weighted_routing_policy": [],
            "zone_id": "Z08387472ACI9OYLRW9TF"
          },
          "sensitive_attributes": [],
          "private": "eyJzY2hlbWFfdmVyc2lvbiI6IjIifQ==",
          "dependencies": [
            "aws_acm_certificate.spa",
            "aws_route53_zone.spa"
          ],
          "create_before_destroy": true
        },
        {
          "index_key": "spa-app.ls-al.com",
          "schema_version": 2,
          "attributes": {
            "alias": [],
            "allow_overwrite": true,
            "cidr_routing_policy": [],
            "failover_routing_policy": [],
            "fqdn": "_55532f7a70a543101efad9443e7c5267.spa-app.ls-al.com",
            "geolocation_routing_policy": [],
            "health_check_id": "",
            "id": "Z08387472ACI9OYLRW9TF__55532f7a70a543101efad9443e7c5267.spa-app.ls-al.com_CNAME",
            "latency_routing_policy": [],
            "multivalue_answer_routing_policy": false,
            "name": "_55532f7a70a543101efad9443e7c5267.spa-app.ls-al.com",
            "records": [
              "_72d6edd6d032ac1bd342bebcdd4117d5.mhbtsbpdnt.acm-validations.aws."
            ],
            "set_identifier": "",
            "ttl": 600,
            "type": "CNAME",
            "weighted_routing_policy": [],
            "zone_id": "Z08387472ACI9OYLRW9TF"
          },
          "sensitive_attributes": [],
          "private": "eyJzY2hlbWFfdmVyc2lvbiI6IjIifQ==",
          "dependencies": [
            "aws_acm_certificate.spa",
            "aws_route53_zone.spa"
          ],
          "create_before_destroy": true
        }
      ]
    },
    {
      "mode": "managed",
      "type": "aws_route53_zone",
      "name": "spa",
      "provider": "provider[\"registry.terraform.io/hashicorp/aws\"].iqonda",
      "instances": [
        {
          "schema_version": 0,
          "attributes": {
            "arn": "arn:aws:route53:::hostedzone/Z08387472ACI9OYLRW9TF",
            "comment": "Managed by Terraform",
            "delegation_set_id": "",
            "force_destroy": false,
            "id": "Z08387472ACI9OYLRW9TF",
            "name": "spa-app.ls-al.com",
            "name_servers": [
              "ns-1210.awsdns-23.org",
              "ns-2024.awsdns-61.co.uk",
              "ns-370.awsdns-46.com",
              "ns-997.awsdns-60.net"
            ],
            "primary_name_server": "ns-2024.awsdns-61.co.uk",
            "tags": {},
            "tags_all": {
              "Owner": "rr",
              "Project": "aws-spa-app",
              "environment": "POC"
            },
            "vpc": [],
            "zone_id": "Z08387472ACI9OYLRW9TF"
          },
          "sensitive_attributes": [],
          "private": "bnVsbA==",
          "create_before_destroy": true
        }
      ]
    },
    {
      "mode": "managed",
      "type": "aws_s3_bucket",
      "name": "spa",
      "provider": "provider[\"registry.terraform.io/hashicorp/aws\"].iqonda",
      "instances": [
        {
          "schema_version": 0,
          "attributes": {
            "acceleration_status": "",
            "acl": null,
            "arn": "arn:aws:s3:::poc-spa-app",
            "bucket": "poc-spa-app",
            "bucket_domain_name": "poc-spa-app.s3.amazonaws.com",
            "bucket_prefix": "",
            "bucket_regional_domain_name": "poc-spa-app.s3.us-east-1.amazonaws.com",
            "cors_rule": [],
            "force_destroy": false,
            "grant": [
              {
                "id": "6001694a461c42817bfb7635cea174facb8941cc17510de8dad31a6afba83c9d",
                "permissions": [
                  "FULL_CONTROL"
                ],
                "type": "CanonicalUser",
                "uri": ""
              }
            ],
            "hosted_zone_id": "Z3AQBSTGFYJSTF",
            "id": "poc-spa-app",
            "lifecycle_rule": [],
            "logging": [],
            "object_lock_configuration": [],
            "object_lock_enabled": false,
            "policy": "{\"Statement\":[{\"Action\":\"s3:GetObject\",\"Effect\":\"Allow\",\"Principal\":{\"AWS\":\"arn:aws:iam::cloudfront:user/CloudFront Origin Access Identity E2X7G2T8OZHZQG\"},\"Resource\":\"arn:aws:s3:::poc-spa-app/*\"},{\"Action\":\"s3:ListBucket\",\"Effect\":\"Allow\",\"Principal\":{\"AWS\":\"arn:aws:iam::cloudfront:user/CloudFront Origin Access Identity E2X7G2T8OZHZQG\"},\"Resource\":\"arn:aws:s3:::poc-spa-app\"}],\"Version\":\"2012-10-17\"}",
            "region": "us-east-1",
            "replication_configuration": [],
            "request_payer": "BucketOwner",
            "server_side_encryption_configuration": [
              {
                "rule": [
                  {
                    "apply_server_side_encryption_by_default": [
                      {
                        "kms_master_key_id": "",
                        "sse_algorithm": "AES256"
                      }
                    ],
                    "bucket_key_enabled": false
                  }
                ]
              }
            ],
            "tags": {},
            "tags_all": {
              "Owner": "rr",
              "Project": "aws-spa-app",
              "environment": "POC"
            },
            "timeouts": null,
            "versioning": [
              {
                "enabled": false,
                "mfa_delete": false
              }
            ],
            "website": [],
            "website_domain": null,
            "website_endpoint": null
          },
          "sensitive_attributes": [],
          "private": "eyJlMmJmYjczMC1lY2FhLTExZTYtOGY4OC0zNDM2M2JjN2M0YzAiOnsiY3JlYXRlIjoxMjAwMDAwMDAwMDAwLCJkZWxldGUiOjM2MDAwMDAwMDAwMDAsInJlYWQiOjEyMDAwMDAwMDAwMDAsInVwZGF0ZSI6MTIwMDAwMDAwMDAwMH19"
        }
      ]
    },
    {
      "mode": "managed",
      "type": "aws_s3_bucket_cors_configuration",
      "name": "spa",
      "provider": "provider[\"registry.terraform.io/hashicorp/aws\"].iqonda",
      "instances": [
        {
          "schema_version": 0,
          "attributes": {
            "bucket": "poc-spa-app",
            "cors_rule": [
              {
                "allowed_headers": [
                  "*"
                ],
                "allowed_methods": [
                  "GET",
                  "HEAD"
                ],
                "allowed_origins": [
                  "https://spa-app.ls-al.com"
                ],
                "expose_headers": [
                  "Connection",
                  "Content-Length",
                  "Content-Type",
                  "Date",
                  "ETag",
                  "x-amz-id-2",
                  "x-amz-request-id",
                  "x-amz-version-id"
                ],
                "id": "",
                "max_age_seconds": 3600
              }
            ],
            "expected_bucket_owner": "",
            "id": "poc-spa-app"
          },
          "sensitive_attributes": [],
          "private": "bnVsbA==",
          "dependencies": [
            "aws_s3_bucket.spa"
          ]
        }
      ]
    },
    {
      "mode": "managed",
      "type": "aws_s3_bucket_policy",
      "name": "spa",
      "provider": "provider[\"registry.terraform.io/hashicorp/aws\"].iqonda",
      "instances": [
        {
          "schema_version": 0,
          "attributes": {
            "bucket": "poc-spa-app",
            "id": "poc-spa-app",
            "policy": "{\"Statement\":[{\"Action\":\"s3:GetObject\",\"Effect\":\"Allow\",\"Principal\":{\"AWS\":\"arn:aws:iam::cloudfront:user/CloudFront Origin Access Identity E2X7G2T8OZHZQG\"},\"Resource\":\"arn:aws:s3:::poc-spa-app/*\"},{\"Action\":\"s3:ListBucket\",\"Effect\":\"Allow\",\"Principal\":{\"AWS\":\"arn:aws:iam::cloudfront:user/CloudFront Origin Access Identity E2X7G2T8OZHZQG\"},\"Resource\":\"arn:aws:s3:::poc-spa-app\"}],\"Version\":\"2012-10-17\"}"
          },
          "sensitive_attributes": [],
          "private": "bnVsbA==",
          "dependencies": [
            "aws_cloudfront_origin_access_identity.spa",
            "aws_s3_bucket.spa",
            "data.aws_iam_policy_document.spa"
          ]
        }
      ]
    }
  ],
  "check_results": null
}
